
Microsoft Visual Studio Solution File, Format Version 12.00
# Visual Studio Version 16
VisualStudioVersion = 16.0.32126.315
MinimumVisualStudioVersion = 10.0.40219.1
Project("{FAE04EC0-301F-11D3-BF4B-00C04F79EFBC}") = "tr2editor", "tr2editor\tr2editor.csproj", "{C1788E44-D64F-4BDD-998D-E313C5DF504A}"
EndProject
Global
	GlobalSection(SolutionConfigurationPlatforms) = preSolution
		Debug|Any CPU = Debug|Any CPU
		Release|Any CPU = Release|Any CPU
	EndGlobalSection
	GlobalSection(ProjectConfigurationPlatforms) = postSolution
		{C1788E44-D64F-4BDD-998D-E313C5DF504A}.Debug|Any CPU.ActiveCfg = Debug|Any CPU
		{C1788E44-D64F-4BDD-998D-E313C5DF504A}.Debug|Any CPU.Build.0 = Debug|Any CPU
		{C1788E44-D64F-4BDD-998D-E313C5DF504A}.Release|Any CPU.ActiveCfg = Release|Any CPU
		{C1788E44-D64F-4BDD-998D-E313C5DF504A}.Release|Any CPU.Build.0 = Release|Any CPU
	EndGlobalSection
	GlobalSection(SolutionProperties) = preSolution
		HideSolutionNode = FALSE
	EndGlobalSection
	GlobalSection(ExtensibilityGlobals) = postSolution
		SolutionGuid = {8B31EB2E-1AAA-451A-A0B3-D26C24A3B02E}
	EndGlobalSection
EndGlobal
